
Microsoft Visual Studio Solution File, Format Version 12.00
# Visual Studio Express 2012 for Windows Desktop
Project("{FAE04EC0-301F-11D3-BF4B-00C04F79EFBC}") = "ApplicationProcessor", "ApplicationProcessor\ApplicationProcessor.csproj", "{35796AF4-2B0B-47C5-8769-C8819C3D5908}"
EndProject
Project("{FAE04EC0-301F-11D3-BF4B-00C04F79EFBC}") = "Config", "Config\Config.csproj", "{B3DD64B1-793A-44A3-A63E-ACB68C12D846}"
EndProject
Global
	GlobalSection(SolutionConfigurationPlatforms) = preSolution
		Debug|Any CPU = Debug|Any CPU
		Release|Any CPU = Release|Any CPU
	EndGlobalSection
	GlobalSection(ProjectConfigurationPlatforms) = postSolution
		{35796AF4-2B0B-47C5-8769-C8819C3D5908}.Debug|Any CPU.ActiveCfg = Debug|Any CPU
		{35796AF4-2B0B-47C5-8769-C8819C3D5908}.Debug|Any CPU.Build.0 = Debug|Any CPU
		{35796AF4-2B0B-47C5-8769-C8819C3D5908}.Release|Any CPU.ActiveCfg = Release|Any CPU
		{35796AF4-2B0B-47C5-8769-C8819C3D5908}.Release|Any CPU.Build.0 = Release|Any CPU
		{B3DD64B1-793A-44A3-A63E-ACB68C12D846}.Debug|Any CPU.ActiveCfg = Debug|Any CPU
		{B3DD64B1-793A-44A3-A63E-ACB68C12D846}.Debug|Any CPU.Build.0 = Debug|Any CPU
		{B3DD64B1-793A-44A3-A63E-ACB68C12D846}.Release|Any CPU.ActiveCfg = Release|Any CPU
		{B3DD64B1-793A-44A3-A63E-ACB68C12D846}.Release|Any CPU.Build.0 = Release|Any CPU
	EndGlobalSection
	GlobalSection(SolutionProperties) = preSolution
		HideSolutionNode = FALSE
	EndGlobalSection
EndGlobal
